Microsoft Visual Studio Solution File, Format Version 12.00
# Visual Studio Version 17
VisualStudioVersion = 17.1.32228.430
MinimumVisualStudioVersion = 10.0.40219.1
Project("{8BC9CEB8-8B4A-11D0-8D11-00A0C91BC942}") = "01tls", "01thread_local关键字\tls\tls.vcxproj", "{14B76316-A3E9-4C83-8380-B54A73DE0184}"
EndProject
Project("{8BC9CEB8-8B4A-11D0-8D11-00A0C91BC942}") = "02static_assert", "02static_assert&__cplusplus宏\static_assert\static_assert.vcxproj", "{C27C3F23-36D9-4098-829D-044CC0F26A6B}"
EndProject
Project("{8BC9CEB8-8B4A-11D0-8D11-00A0C91BC942}") = "03long long关键字", "03long long关键字\03long long关键字\03long long关键字.vcxproj", "{1747FD23-99C4-4B65-BF3D-E50EBB1E0025}"
EndProject
Project("{8BC9CEB8-8B4A-11D0-8D11-00A0C91BC942}") = "04函数默认模板参数", "04函数默认模板参数\04函数默认模板参数\04函数默认模板参数.vcxproj", "{264015C4-C526-4A6D-9174-328C4F2AA65D}"
EndProject
Project("{8BC9CEB8-8B4A-11D0-8D11-00A0C91BC942}") = "05委托构造函数", "05委托构造函数\05委托构造函数\05委托构造函数.vcxproj", "{4616113A-0C0B-449D-87B8-DE612D3C13A1}"
EndProject
Project("{8BC9CEB8-8B4A-11D0-8D11-00A0C91BC942}") = "06override与final关键字", "06override与final关键字\06override与final关键字\06override与final关键字.vcxproj", "{8501EBD2-E85C-4549-AFBB-B7791FF5C0B9}"
EndProject
Project("{8BC9CEB8-8B4A-11D0-8D11-00A0C91BC942}") = "07右尖括号", "07右尖括号\07右尖括号\07右尖括号.vcxproj", "{D86B3523-A02E-430F-BB0B-68CFC51A76AF}"
EndProject
Project("{8BC9CEB8-8B4A-11D0-8D11-00A0C91BC942}") = "08基于范围的for语句", "08基于范围的for语句\08基于范围的for语句\08基于范围的for语句.vcxproj", "{BD0B2CA6-8CC5-46D6-AD23-8FC336E9F723}"
EndProject
Project("{8BC9CEB8-8B4A-11D0-8D11-00A0C91BC942}") = "09constexpr关键字", "09constexpr关键字\09constexpr关键字\09constexpr关键字.vcxproj", "{4A57A7AE-1181-45C6-B50A-4AB8D27C09D0}"
EndProject
Project("{8BC9CEB8-8B4A-11D0-8D11-00A0C91BC942}") = "10auto decltype关键字", "10auto&decltype关键字\10auto decltype关键字\10auto decltype关键字.vcxproj", "{3907FF8B-09CC-4EF6-B193-B8E43E699EEF}"
EndProject
Project("{8BC9CEB8-8B4A-11D0-8D11-00A0C91BC942}") = "11RTTI typeid dynamic_cast", "11RTTI&typeid&dynamic_cast\11RTTI typeid dynamic_cast\11RTTI typeid dynamic_cast.vcxproj", "{2677DF86-59EE-47D0-B83D-3E05A3FA0080}"
EndProject
Project("{8BC9CEB8-8B4A-11D0-8D11-00A0C91BC942}") = "12强枚举类型", "12强枚举类型\12强枚举类型\12强枚举类型.vcxproj", "{48072A60-4E03-4FA9-9FBB-92CD476EDD03}"
EndProject
Project("{8BC9CEB8-8B4A-11D0-8D11-00A0C91BC942}") = "13__func__返回函数名字", "13__func__返回函数名字\13__func__返回函数名字\13__func__返回函数名字.vcxproj", "{B0FF30E4-3645-4D81-89F7-35771C18DBF5}"
EndProject
Project("{8BC9CEB8-8B4A-11D0-8D11-00A0C91BC942}") = "14_Pragma操作符", "14_Pragma操作符\14_Pragma操作符\14_Pragma操作符.vcxproj", "{4831389B-8983-41DC-8056-05DD7F5811B8}"
EndProject
Project("{8BC9CEB8-8B4A-11D0-8D11-00A0C91BC942}") = "15变长参数的宏定义", "15变长参数的宏定义\15变长参数的宏定义\15变长参数的宏定义.vcxproj", "{F8F0904F-4533-4E43-952E-0F35AAF1CDD6}"
EndProject
Project("{8BC9CEB8-8B4A-11D0-8D11-00A0C91BC942}") = "16noexcept关键字", "16noexcept关键字\16noexcept关键字\16noexcept关键字.vcxproj", "{68004338-A5D3-4621-A29F-93BCB0D14B41}"
EndProject
Project("{8BC9CEB8-8B4A-11D0-8D11-00A0C91BC942}") = "17类定义里面初始化成员变量", "17类定义里面初始化成员变量\17类定义里面初始化成员变量\17类定义里面初始化成员变量.vcxproj", "{01BB4179-A202-4DBE-A231-E14664AD1F97}"
EndProject
Project("{8BC9CEB8-8B4A-11D0-8D11-00A0C91BC942}") = "18非静态成员的sizeof", "18非静态成员的sizeof\18非静态成员的sizeof\18非静态成员的sizeof.vcxproj", "{42B34702-650F-4E9B-8C56-22E5BF1BFE28}"
EndProject
Project("{8BC9CEB8-8B4A-11D0-8D11-00A0C91BC942}") = "19friend友元改进", "19friend友元改进\19friend友元改进\19friend友元改进.vcxproj", "{0B3052C9-AF5C-4749-A13E-B8396474DE2A}"
EndProject
Project("{8BC9CEB8-8B4A-11D0-8D11-00A0C91BC942}") = "20外部模板", "20外部模板\20外部模板\20外部模板.vcxproj", "{F9DBFD2C-DC45-4C75-8C33-6B3232C682B9}"
EndProject
Project("{8BC9CEB8-8B4A-11D0-8D11-00A0C91BC942}") = "21右值引用 移动语义", "21右值引用&移动语义\21右值引用 移动语义\21右值引用 移动语义.vcxproj", "{70822981-9F6B-4848-A552-967BA25A98B2}"
EndProject
Project("{8BC9CEB8-8B4A-11D0-8D11-00A0C91BC942}") = "22右值引用 完美转发", "22右值引用&完美转发\22右值引用 完美转发\22右值引用 完美转发.vcxproj", "{649ECA9D-21AD-400B-82EC-511C525A9C26}"
EndProject
Project("{8BC9CEB8-8B4A-11D0-8D11-00A0C91BC942}") = "23可执行对象封装器", "23可执行对象封装器\23可执行对象封装器\23可执行对象封装器.vcxproj", "{2D949375-7B9B-4A1F-8EBA-1F8472E3FB83}"
EndProject
Project("{8BC9CEB8-8B4A-11D0-8D11-00A0C91BC942}") = "24lambda表达式", "24lambda表达式\24lambda表达式\24lambda表达式.vcxproj", "{2C384037-F8B0-471E-8F87-639F17315BED}"
EndProject
Project("{8BC9CEB8-8B4A-11D0-8D11-00A0C91BC942}") = "25原子类型 内存模型", "25原子类型&内存模型\25原子类型 内存模型\25原子类型 内存模型.vcxproj", "{6625B85F-9504-4AC8-9D0F-9A250EA3F771}"
EndProject
Project("{8BC9CEB8-8B4A-11D0-8D11-00A0C91BC942}") = "26多线程 同步", "26多线程&同步\26多线程 同步\26多线程 同步.vcxproj", "{8D5ABA02-D0C4-4501-9FF1-06A854C1A73F}"
EndProject
Project("{8BC9CEB8-8B4A-11D0-8D11-00A0C91BC942}") = "27智能指针", "27智能指针\27智能指针\27智能指针.vcxproj", "{A3D0A3DA-7ED0-4FA4-BF41-2249A88CFD73}"
EndProject
Project("{8BC9CEB8-8B4A-11D0-8D11-00A0C91BC942}") = "28nullptr", "28nullptr\28nullptr\28nullptr.vcxproj", "{934D5A35-139A-4D5D-9168-7EEE513B1B5F}"
EndProject
Project("{8BC9CEB8-8B4A-11D0-8D11-00A0C91BC942}") = "30POD类型", "30POD类型\30POD类型\30POD类型.vcxproj", "{FC343815-D32C-4B3F-A8E2-0A868E9B1C21}"
EndProject
Project("{8BC9CEB8-8B4A-11D0-8D11-00A0C91BC942}") = "31chrono库", "31chrono库\31chrono库\31chrono库.vcxproj", "{660EB6A5-4216-4286-BA99-E9717169A8AD}"
EndProject
Project("{8BC9CEB8-8B4A-11D0-8D11-00A0C91BC942}") = "32继承构造函数 using用法", "32继承构造函数&using用法\32继承构造函数 using用法\32继承构造函数 using用法.vcxproj", "{2991C90C-CDEF-4925-860E-912EE66D7363}"
EndProject
Project("{8BC9CEB8-8B4A-11D0-8D11-00A0C91BC942}") = "33变长模板参数", "33变长模板参数\33变长模板参数\33变长模板参数.vcxproj", "{5A0E2B6A-6DDF-4B95-9F6B-C942DD2839DB}"
EndProject
Project("{8BC9CEB8-8B4A-11D0-8D11-00A0C91BC942}") = "34Unicode支持", "34Unicode支持\34Unicode支持\34Unicode支持.vcxproj", "{AAB20DDE-749A-43A0-8AC9-C2F5D9AD141F}"
EndProject
Project("{8BC9CEB8-8B4A-11D0-8D11-00A0C91BC942}") = "35用户自定义字面量", "35用户自定义字面量\35用户自定义字面量\35用户自定义字面量.vcxproj", "{BCD1F3F6-A56C-443F-ADBA-732B41E71BA1}"
EndProject
Project("{8BC9CEB8-8B4A-11D0-8D11-00A0C91BC942}") = "36列表初始化 类型收窄", "36列表初始化&类型收窄\36列表初始化 类型收窄\36列表初始化 类型收窄.vcxproj", "{EE7A5118-0116-40FF-BBD5-E40C960DB012}"
EndProject
Project("{8BC9CEB8-8B4A-11D0-8D11-00A0C91BC942}") = "37通用属性", "37通用属性\37通用属性\37通用属性.vcxproj", "{4BF291C8-FB5E-4240-ACA0-27A45A5D7009}"
EndProject
Project("{8BC9CEB8-8B4A-11D0-8D11-00A0C91BC942}") = "29default delete", "29default&delete\29default delete\29default delete.vcxproj", "{B68430DE-AE7B-4DCE-B10C-3E6C00365D81}"
EndProject
Global
	GlobalSection(SolutionConfigurationPlatforms) = preSolution
		Debug|x64 = Debug|x64
		Debug|x86 = Debug|x86
		Release|x64 = Release|x64
		Release|x86 = Release|x86
	EndGlobalSection
	GlobalSection(ProjectConfigurationPlatforms) = postSolution
		{14B76316-A3E9-4C83-8380-B54A73DE0184}.Debug|x64.ActiveCfg = Debug|x64
		{14B76316-A3E9-4C83-8380-B54A73DE0184}.Debug|x64.Build.0 = Debug|x64
		{14B76316-A3E9-4C83-8380-B54A73DE0184}.Debug|x86.ActiveCfg = Debug|Win32
		{14B76316-A3E9-4C83-8380-B54A73DE0184}.Debug|x86.Build.0 = Debug|Win32
		{14B76316-A3E9-4C83-8380-B54A73DE0184}.Release|x64.ActiveCfg = Release|x64
		{14B76316-A3E9-4C83-8380-B54A73DE0184}.Release|x64.Build.0 = Release|x64
		{14B76316-A3E9-4C83-8380-B54A73DE0184}.Release|x86.ActiveCfg = Release|Win32
		{14B76316-A3E9-4C83-8380-B54A73DE0184}.Release|x86.Build.0 = Release|Win32
		{C27C3F23-36D9-4098-829D-044CC0F26A6B}.Debug|x64.ActiveCfg = Debug|x64
		{C27C3F23-36D9-4098-829D-044CC0F26A6B}.Debug|x64.Build.0 = Debug|x64
		{C27C3F23-36D9-4098-829D-044CC0F26A6B}.Debug|x86.ActiveCfg = Debug|Win32
		{C27C3F23-36D9-4098-829D-044CC0F26A6B}.Debug|x86.Build.0 = Debug|Win32
		{C27C3F23-36D9-4098-829D-044CC0F26A6B}.Release|x64.ActiveCfg = Release|x64
		{C27C3F23-36D9-4098-829D-044CC0F26A6B}.Release|x64.Build.0 = Release|x64
		{C27C3F23-36D9-4098-829D-044CC0F26A6B}.Release|x86.ActiveCfg = Release|Win32
		{C27C3F23-36D9-4098-829D-044CC0F26A6B}.Release|x86.Build.0 = Release|Win32
		{1747FD23-99C4-4B65-BF3D-E50EBB1E0025}.Debug|x64.ActiveCfg = Debug|x64
		{1747FD23-99C4-4B65-BF3D-E50EBB1E0025}.Debug|x64.Build.0 = Debug|x64
		{1747FD23-99C4-4B65-BF3D-E50EBB1E0025}.Debug|x86.ActiveCfg = Debug|Win32
		{1747FD23-99C4-4B65-BF3D-E50EBB1E0025}.Debug|x86.Build.0 = Debug|Win32
		{1747FD23-99C4-4B65-BF3D-E50EBB1E0025}.Release|x64.ActiveCfg = Release|x64
		{1747FD23-99C4-4B65-BF3D-E50EBB1E0025}.Release|x64.Build.0 = Release|x64
		{1747FD23-99C4-4B65-BF3D-E50EBB1E0025}.Release|x86.ActiveCfg = Release|Win32
		{1747FD23-99C4-4B65-BF3D-E50EBB1E0025}.Release|x86.Build.0 = Release|Win32
		{264015C4-C526-4A6D-9174-328C4F2AA65D}.Debug|x64.ActiveCfg = Debug|x64
		{264015C4-C526-4A6D-9174-328C4F2AA65D}.Debug|x64.Build.0 = Debug|x64
		{264015C4-C526-4A6D-9174-328C4F2AA65D}.Debug|x86.ActiveCfg = Debug|Win32
		{264015C4-C526-4A6D-9174-328C4F2AA65D}.Debug|x86.Build.0 = Debug|Win32
		{264015C4-C526-4A6D-9174-328C4F2AA65D}.Release|x64.ActiveCfg = Release|x64
		{264015C4-C526-4A6D-9174-328C4F2AA65D}.Release|x64.Build.0 = Release|x64
		{264015C4-C526-4A6D-9174-328C4F2AA65D}.Release|x86.ActiveCfg = Release|Win32
		{264015C4-C526-4A6D-9174-328C4F2AA65D}.Release|x86.Build.0 = Release|Win32
		{4616113A-0C0B-449D-87B8-DE612D3C13A1}.Debug|x64.ActiveCfg = Debug|x64
		{4616113A-0C0B-449D-87B8-DE612D3C13A1}.Debug|x64.Build.0 = Debug|x64
		{4616113A-0C0B-449D-87B8-DE612D3C13A1}.Debug|x86.ActiveCfg = Debug|Win32
		{4616113A-0C0B-449D-87B8-DE612D3C13A1}.Debug|x86.Build.0 = Debug|Win32
		{4616113A-0C0B-449D-87B8-DE612D3C13A1}.Release|x64.ActiveCfg = Release|x64
		{4616113A-0C0B-449D-87B8-DE612D3C13A1}.Release|x64.Build.0 = Release|x64
		{4616113A-0C0B-449D-87B8-DE612D3C13A1}.Release|x86.ActiveCfg = Release|Win32
		{4616113A-0C0B-449D-87B8-DE612D3C13A1}.Release|x86.Build.0 = Release|Win32
		{8501EBD2-E85C-4549-AFBB-B7791FF5C0B9}.Debug|x64.ActiveCfg = Debug|x64
		{8501EBD2-E85C-4549-AFBB-B7791FF5C0B9}.Debug|x64.Build.0 = Debug|x64
		{8501EBD2-E85C-4549-AFBB-B7791FF5C0B9}.Debug|x86.ActiveCfg = Debug|Win32
		{8501EBD2-E85C-4549-AFBB-B7791FF5C0B9}.Debug|x86.Build.0 = Debug|Win32
		{8501EBD2-E85C-4549-AFBB-B7791FF5C0B9}.Release|x64.ActiveCfg = Release|x64
		{8501EBD2-E85C-4549-AFBB-B7791FF5C0B9}.Release|x64.Build.0 = Release|x64
		{8501EBD2-E85C-4549-AFBB-B7791FF5C0B9}.Release|x86.ActiveCfg = Release|Win32
		{8501EBD2-E85C-4549-AFBB-B7791FF5C0B9}.Release|x86.Build.0 = Release|Win32
		{D86B3523-A02E-430F-BB0B-68CFC51A76AF}.Debug|x64.ActiveCfg = Debug|x64
		{D86B3523-A02E-430F-BB0B-68CFC51A76AF}.Debug|x64.Build.0 = Debug|x64
		{D86B3523-A02E-430F-BB0B-68CFC51A76AF}.Debug|x86.ActiveCfg = Debug|Win32
		{D86B3523-A02E-430F-BB0B-68CFC51A76AF}.Debug|x86.Build.0 = Debug|Win32
		{D86B3523-A02E-430F-BB0B-68CFC51A76AF}.Release|x64.ActiveCfg = Release|x64
		{D86B3523-A02E-430F-BB0B-68CFC51A76AF}.Release|x64.Build.0 = Release|x64
		{D86B3523-A02E-430F-BB0B-68CFC51A76AF}.Release|x86.ActiveCfg = Release|Win32
		{D86B3523-A02E-430F-BB0B-68CFC51A76AF}.Release|x86.Build.0 = Release|Win32
		{BD0B2CA6-8CC5-46D6-AD23-8FC336E9F723}.Debug|x64.ActiveCfg = Debug|x64
		{BD0B2CA6-8CC5-46D6-AD23-8FC336E9F723}.Debug|x64.Build.0 = Debug|x64
		{BD0B2CA6-8CC5-46D6-AD23-8FC336E9F723}.Debug|x86.ActiveCfg = Debug|Win32
		{BD0B2CA6-8CC5-46D6-AD23-8FC336E9F723}.Debug|x86.Build.0 = Debug|Win32
		{BD0B2CA6-8CC5-46D6-AD23-8FC336E9F723}.Release|x64.ActiveCfg = Release|x64
		{BD0B2CA6-8CC5-46D6-AD23-8FC336E9F723}.Release|x64.Build.0 = Release|x64
		{BD0B2CA6-8CC5-46D6-AD23-8FC336E9F723}.Release|x86.ActiveCfg = Release|Win32
		{BD0B2CA6-8CC5-46D6-AD23-8FC336E9F723}.Release|x86.Build.0 = Release|Win32
		{4A57A7AE-1181-45C6-B50A-4AB8D27C09D0}.Debug|x64.ActiveCfg = Debug|x64
		{4A57A7AE-1181-45C6-B50A-4AB8D27C09D0}.Debug|x64.Build.0 = Debug|x64
		{4A57A7AE-1181-45C6-B50A-4AB8D27C09D0}.Debug|x86.ActiveCfg = Debug|Win32
		{4A57A7AE-1181-45C6-B50A-4AB8D27C09D0}.Debug|x86.Build.0 = Debug|Win32
		{4A57A7AE-1181-45C6-B50A-4AB8D27C09D0}.Release|x64.ActiveCfg = Release|x64
		{4A57A7AE-1181-45C6-B50A-4AB8D27C09D0}.Release|x64.Build.0 = Release|x64
		{4A57A7AE-1181-45C6-B50A-4AB8D27C09D0}.Release|x86.ActiveCfg = Release|Win32
		{4A57A7AE-1181-45C6-B50A-4AB8D27C09D0}.Release|x86.Build.0 = Release|Win32
		{3907FF8B-09CC-4EF6-B193-B8E43E699EEF}.Debug|x64.ActiveCfg = Debug|x64
		{3907FF8B-09CC-4EF6-B193-B8E43E699EEF}.Debug|x64.Build.0 = Debug|x64
		{3907FF8B-09CC-4EF6-B193-B8E43E699EEF}.Debug|x86.ActiveCfg = Debug|Win32
		{3907FF8B-09CC-4EF6-B193-B8E43E699EEF}.Debug|x86.Build.0 = Debug|Win32
		{3907FF8B-09CC-4EF6-B193-B8E43E699EEF}.Release|x64.ActiveCfg = Release|x64
		{3907FF8B-09CC-4EF6-B193-B8E43E699EEF}.Release|x64.Build.0 = Release|x64
		{3907FF8B-09CC-4EF6-B193-B8E43E699EEF}.Release|x86.ActiveCfg = Release|Win32
		{3907FF8B-09CC-4EF6-B193-B8E43E699EEF}.Release|x86.Build.0 = Release|Win32
		{2677DF86-59EE-47D0-B83D-3E05A3FA0080}.Debug|x64.ActiveCfg = Debug|x64
		{2677DF86-59EE-47D0-B83D-3E05A3FA0080}.Debug|x64.Build.0 = Debug|x64
		{2677DF86-59EE-47D0-B83D-3E05A3FA0080}.Debug|x86.ActiveCfg = Debug|Win32
		{2677DF86-59EE-47D0-B83D-3E05A3FA0080}.Debug|x86.Build.0 = Debug|Win32
		{2677DF86-59EE-47D0-B83D-3E05A3FA0080}.Release|x64.ActiveCfg = Release|x64
		{2677DF86-59EE-47D0-B83D-3E05A3FA0080}.Release|x64.Build.0 = Release|x64
		{2677DF86-59EE-47D0-B83D-3E05A3FA0080}.Release|x86.ActiveCfg = Release|Win32
		{2677DF86-59EE-47D0-B83D-3E05A3FA0080}.Release|x86.Build.0 = Release|Win32
		{48072A60-4E03-4FA9-9FBB-92CD476EDD03}.Debug|x64.ActiveCfg = Debug|x64
		{48072A60-4E03-4FA9-9FBB-92CD476EDD03}.Debug|x64.Build.0 = Debug|x64
		{48072A60-4E03-4FA9-9FBB-92CD476EDD03}.Debug|x86.ActiveCfg = Debug|Win32
		{48072A60-4E03-4FA9-9FBB-92CD476EDD03}.Debug|x86.Build.0 = Debug|Win32
		{48072A60-4E03-4FA9-9FBB-92CD476EDD03}.Release|x64.ActiveCfg = Release|x64
		{48072A60-4E03-4FA9-9FBB-92CD476EDD03}.Release|x64.Build.0 = Release|x64
		{48072A60-4E03-4FA9-9FBB-92CD476EDD03}.Release|x86.ActiveCfg = Release|Win32
		{48072A60-4E03-4FA9-9FBB-92CD476EDD03}.Release|x86.Build.0 = Release|Win32
		{B0FF30E4-3645-4D81-89F7-35771C18DBF5}.Debug|x64.ActiveCfg = Debug|x64
		{B0FF30E4-3645-4D81-89F7-35771C18DBF5}.Debug|x64.Build.0 = Debug|x64
		{B0FF30E4-3645-4D81-89F7-35771C18DBF5}.Debug|x86.ActiveCfg = Debug|Win32
		{B0FF30E4-3645-4D81-89F7-35771C18DBF5}.Debug|x86.Build.0 = Debug|Win32
		{B0FF30E4-3645-4D81-89F7-35771C18DBF5}.Release|x64.ActiveCfg = Release|x64
		{B0FF30E4-3645-4D81-89F7-35771C18DBF5}.Release|x64.Build.0 = Release|x64
		{B0FF30E4-3645-4D81-89F7-35771C18DBF5}.Release|x86.ActiveCfg = Release|Win32
		{B0FF30E4-3645-4D81-89F7-35771C18DBF5}.Release|x86.Build.0 = Release|Win32
		{4831389B-8983-41DC-8056-05DD7F5811B8}.Debug|x64.ActiveCfg = Debug|x64
		{4831389B-8983-41DC-8056-05DD7F5811B8}.Debug|x64.Build.0 = Debug|x64
		{4831389B-8983-41DC-8056-05DD7F5811B8}.Debug|x86.ActiveCfg = Debug|Win32
		{4831389B-8983-41DC-8056-05DD7F5811B8}.Debug|x86.Build.0 = Debug|Win32
		{4831389B-8983-41DC-8056-05DD7F5811B8}.Release|x64.ActiveCfg = Release|x64
		{4831389B-8983-41DC-8056-05DD7F5811B8}.Release|x64.Build.0 = Release|x64
		{4831389B-8983-41DC-8056-05DD7F5811B8}.Release|x86.ActiveCfg = Release|Win32
		{4831389B-8983-41DC-8056-05DD7F5811B8}.Release|x86.Build.0 = Release|Win32
		{F8F0904F-4533-4E43-952E-0F35AAF1CDD6}.Debug|x64.ActiveCfg = Debug|x64
		{F8F0904F-4533-4E43-952E-0F35AAF1CDD6}.Debug|x64.Build.0 = Debug|x64
		{F8F0904F-4533-4E43-952E-0F35AAF1CDD6}.Debug|x86.ActiveCfg = Debug|Win32
		{F8F0904F-4533-4E43-952E-0F35AAF1CDD6}.Debug|x86.Build.0 = Debug|Win32
		{F8F0904F-4533-4E43-952E-0F35AAF1CDD6}.Release|x64.ActiveCfg = Release|x64
		{F8F0904F-4533-4E43-952E-0F35AAF1CDD6}.Release|x64.Build.0 = Release|x64
		{F8F0904F-4533-4E43-952E-0F35AAF1CDD6}.Release|x86.ActiveCfg = Release|Win32
		{F8F0904F-4533-4E43-952E-0F35AAF1CDD6}.Release|x86.Build.0 = Release|Win32
		{68004338-A5D3-4621-A29F-93BCB0D14B41}.Debug|x64.ActiveCfg = Debug|x64
		{68004338-A5D3-4621-A29F-93BCB0D14B41}.Debug|x64.Build.0 = Debug|x64
		{68004338-A5D3-4621-A29F-93BCB0D14B41}.Debug|x86.ActiveCfg = Debug|Win32
		{68004338-A5D3-4621-A29F-93BCB0D14B41}.Debug|x86.Build.0 = Debug|Win32
		{68004338-A5D3-4621-A29F-93BCB0D14B41}.Release|x64.ActiveCfg = Release|x64
		{68004338-A5D3-4621-A29F-93BCB0D14B41}.Release|x64.Build.0 = Release|x64
		{68004338-A5D3-4621-A29F-93BCB0D14B41}.Release|x86.ActiveCfg = Release|Win32
		{68004338-A5D3-4621-A29F-93BCB0D14B41}.Release|x86.Build.0 = Release|Win32
		{01BB4179-A202-4DBE-A231-E14664AD1F97}.Debug|x64.ActiveCfg = Debug|x64
		{01BB4179-A202-4DBE-A231-E14664AD1F97}.Debug|x64.Build.0 = Debug|x64
		{01BB4179-A202-4DBE-A231-E14664AD1F97}.Debug|x86.ActiveCfg = Debug|Win32
		{01BB4179-A202-4DBE-A231-E14664AD1F97}.Debug|x86.Build.0 = Debug|Win32
		{01BB4179-A202-4DBE-A231-E14664AD1F97}.Release|x64.ActiveCfg = Release|x64
		{01BB4179-A202-4DBE-A231-E14664AD1F97}.Release|x64.Build.0 = Release|x64
		{01BB4179-A202-4DBE-A231-E14664AD1F97}.Release|x86.ActiveCfg = Release|Win32
		{01BB4179-A202-4DBE-A231-E14664AD1F97}.Release|x86.Build.0 = Release|Win32
		{42B34702-650F-4E9B-8C56-22E5BF1BFE28}.Debug|x64.ActiveCfg = Debug|x64
		{42B34702-650F-4E9B-8C56-22E5BF1BFE28}.Debug|x64.Build.0 = Debug|x64
		{42B34702-650F-4E9B-8C56-22E5BF1BFE28}.Debug|x86.ActiveCfg = Debug|Win32
		{42B34702-650F-4E9B-8C56-22E5BF1BFE28}.Debug|x86.Build.0 = Debug|Win32
		{42B34702-650F-4E9B-8C56-22E5BF1BFE28}.Release|x64.ActiveCfg = Release|x64
		{42B34702-650F-4E9B-8C56-22E5BF1BFE28}.Release|x64.Build.0 = Release|x64
		{42B34702-650F-4E9B-8C56-22E5BF1BFE28}.Release|x86.ActiveCfg = Release|Win32
		{42B34702-650F-4E9B-8C56-22E5BF1BFE28}.Release|x86.Build.0 = Release|Win32
		{0B3052C9-AF5C-4749-A13E-B8396474DE2A}.Debug|x64.ActiveCfg = Debug|x64
		{0B3052C9-AF5C-4749-A13E-B8396474DE2A}.Debug|x64.Build.0 = Debug|x64
		{0B3052C9-AF5C-4749-A13E-B8396474DE2A}.Debug|x86.ActiveCfg = Debug|Win32
		{0B3052C9-AF5C-4749-A13E-B8396474DE2A}.Debug|x86.Build.0 = Debug|Win32
		{0B3052C9-AF5C-4749-A13E-B8396474DE2A}.Release|x64.ActiveCfg = Release|x64
		{0B3052C9-AF5C-4749-A13E-B8396474DE2A}.Release|x64.Build.0 = Release|x64
		{0B3052C9-AF5C-4749-A13E-B8396474DE2A}.Release|x86.ActiveCfg = Release|Win32
		{0B3052C9-AF5C-4749-A13E-B8396474DE2A}.Release|x86.Build.0 = Release|Win32
		{F9DBFD2C-DC45-4C75-8C33-6B3232C682B9}.Debug|x64.ActiveCfg = Debug|x64
		{F9DBFD2C-DC45-4C75-8C33-6B3232C682B9}.Debug|x64.Build.0 = Debug|x64
		{F9DBFD2C-DC45-4C75-8C33-6B3232C682B9}.Debug|x86.ActiveCfg = Debug|Win32
		{F9DBFD2C-DC45-4C75-8C33-6B3232C682B9}.Debug|x86.Build.0 = Debug|Win32
		{F9DBFD2C-DC45-4C75-8C33-6B3232C682B9}.Release|x64.ActiveCfg = Release|x64
		{F9DBFD2C-DC45-4C75-8C33-6B3232C682B9}.Release|x64.Build.0 = Release|x64
		{F9DBFD2C-DC45-4C75-8C33-6B3232C682B9}.Release|x86.ActiveCfg = Release|Win32
		{F9DBFD2C-DC45-4C75-8C33-6B3232C682B9}.Release|x86.Build.0 = Release|Win32
		{70822981-9F6B-4848-A552-967BA25A98B2}.Debug|x64.ActiveCfg = Debug|x64
		{70822981-9F6B-4848-A552-967BA25A98B2}.Debug|x64.Build.0 = Debug|x64
		{70822981-9F6B-4848-A552-967BA25A98B2}.Debug|x86.ActiveCfg = Debug|Win32
		{70822981-9F6B-4848-A552-967BA25A98B2}.Debug|x86.Build.0 = Debug|Win32
		{70822981-9F6B-4848-A552-967BA25A98B2}.Release|x64.ActiveCfg = Release|x64
		{70822981-9F6B-4848-A552-967BA25A98B2}.Release|x64.Build.0 = Release|x64
		{70822981-9F6B-4848-A552-967BA25A98B2}.Release|x86.ActiveCfg = Release|Win32
		{70822981-9F6B-4848-A552-967BA25A98B2}.Release|x86.Build.0 = Release|Win32
		{649ECA9D-21AD-400B-82EC-511C525A9C26}.Debug|x64.ActiveCfg = Debug|x64
		{649ECA9D-21AD-400B-82EC-511C525A9C26}.Debug|x64.Build.0 = Debug|x64
		{649ECA9D-21AD-400B-82EC-511C525A9C26}.Debug|x86.ActiveCfg = Debug|Win32
		{649ECA9D-21AD-400B-82EC-511C525A9C26}.Debug|x86.Build.0 = Debug|Win32
		{649ECA9D-21AD-400B-82EC-511C525A9C26}.Release|x64.ActiveCfg = Release|x64
		{649ECA9D-21AD-400B-82EC-511C525A9C26}.Release|x64.Build.0 = Release|x64
		{649ECA9D-21AD-400B-82EC-511C525A9C26}.Release|x86.ActiveCfg = Release|Win32
		{649ECA9D-21AD-400B-82EC-511C525A9C26}.Release|x86.Build.0 = Release|Win32
		{2D949375-7B9B-4A1F-8EBA-1F8472E3FB83}.Debug|x64.ActiveCfg = Debug|x64
		{2D949375-7B9B-4A1F-8EBA-1F8472E3FB83}.Debug|x64.Build.0 = Debug|x64
		{2D949375-7B9B-4A1F-8EBA-1F8472E3FB83}.Debug|x86.ActiveCfg = Debug|Win32
		{2D949375-7B9B-4A1F-8EBA-1F8472E3FB83}.Debug|x86.Build.0 = Debug|Win32
		{2D949375-7B9B-4A1F-8EBA-1F8472E3FB83}.Release|x64.ActiveCfg = Release|x64
		{2D949375-7B9B-4A1F-8EBA-1F8472E3FB83}.Release|x64.Build.0 = Release|x64
		{2D949375-7B9B-4A1F-8EBA-1F8472E3FB83}.Release|x86.ActiveCfg = Release|Win32
		{2D949375-7B9B-4A1F-8EBA-1F8472E3FB83}.Release|x86.Build.0 = Release|Win32
		{2C384037-F8B0-471E-8F87-639F17315BED}.Debug|x64.ActiveCfg = Debug|x64
		{2C384037-F8B0-471E-8F87-639F17315BED}.Debug|x64.Build.0 = Debug|x64
		{2C384037-F8B0-471E-8F87-639F17315BED}.Debug|x86.ActiveCfg = Debug|Win32
		{2C384037-F8B0-471E-8F87-639F17315BED}.Debug|x86.Build.0 = Debug|Win32
		{2C384037-F8B0-471E-8F87-639F17315BED}.Release|x64.ActiveCfg = Release|x64
		{2C384037-F8B0-471E-8F87-639F17315BED}.Release|x64.Build.0 = Release|x64
		{2C384037-F8B0-471E-8F87-639F17315BED}.Release|x86.ActiveCfg = Release|Win32
		{2C384037-F8B0-471E-8F87-639F17315BED}.Release|x86.Build.0 = Release|Win32
		{6625B85F-9504-4AC8-9D0F-9A250EA3F771}.Debug|x64.ActiveCfg = Debug|x64
		{6625B85F-9504-4AC8-9D0F-9A250EA3F771}.Debug|x64.Build.0 = Debug|x64
		{6625B85F-9504-4AC8-9D0F-9A250EA3F771}.Debug|x86.ActiveCfg = Debug|Win32
		{6625B85F-9504-4AC8-9D0F-9A250EA3F771}.Debug|x86.Build.0 = Debug|Win32
		{6625B85F-9504-4AC8-9D0F-9A250EA3F771}.Release|x64.ActiveCfg = Release|x64
		{6625B85F-9504-4AC8-9D0F-9A250EA3F771}.Release|x64.Build.0 = Release|x64
		{6625B85F-9504-4AC8-9D0F-9A250EA3F771}.Release|x86.ActiveCfg = Release|Win32
		{6625B85F-9504-4AC8-9D0F-9A250EA3F771}.Release|x86.Build.0 = Release|Win32
		{8D5ABA02-D0C4-4501-9FF1-06A854C1A73F}.Debug|x64.ActiveCfg = Debug|x64
		{8D5ABA02-D0C4-4501-9FF1-06A854C1A73F}.Debug|x64.Build.0 = Debug|x64
		{8D5ABA02-D0C4-4501-9FF1-06A854C1A73F}.Debug|x86.ActiveCfg = Debug|Win32
		{8D5ABA02-D0C4-4501-9FF1-06A854C1A73F}.Debug|x86.Build.0 = Debug|Win32
		{8D5ABA02-D0C4-4501-9FF1-06A854C1A73F}.Release|x64.ActiveCfg = Release|x64
		{8D5ABA02-D0C4-4501-9FF1-06A854C1A73F}.Release|x64.Build.0 = Release|x64
		{8D5ABA02-D0C4-4501-9FF1-06A854C1A73F}.Release|x86.ActiveCfg = Release|Win32
		{8D5ABA02-D0C4-4501-9FF1-06A854C1A73F}.Release|x86.Build.0 = Release|Win32
		{A3D0A3DA-7ED0-4FA4-BF41-2249A88CFD73}.Debug|x64.ActiveCfg = Debug|x64
		{A3D0A3DA-7ED0-4FA4-BF41-2249A88CFD73}.Debug|x64.Build.0 = Debug|x64
		{A3D0A3DA-7ED0-4FA4-BF41-2249A88CFD73}.Debug|x86.ActiveCfg = Debug|Win32
		{A3D0A3DA-7ED0-4FA4-BF41-2249A88CFD73}.Debug|x86.Build.0 = Debug|Win32
		{A3D0A3DA-7ED0-4FA4-BF41-2249A88CFD73}.Release|x64.ActiveCfg = Release|x64
		{A3D0A3DA-7ED0-4FA4-BF41-2249A88CFD73}.Release|x64.Build.0 = Release|x64
		{A3D0A3DA-7ED0-4FA4-BF41-2249A88CFD73}.Release|x86.ActiveCfg = Release|Win32
		{A3D0A3DA-7ED0-4FA4-BF41-2249A88CFD73}.Release|x86.Build.0 = Release|Win32
		{934D5A35-139A-4D5D-9168-7EEE513B1B5F}.Debug|x64.ActiveCfg = Debug|x64
		{934D5A35-139A-4D5D-9168-7EEE513B1B5F}.Debug|x64.Build.0 = Debug|x64
		{934D5A35-139A-4D5D-9168-7EEE513B1B5F}.Debug|x86.ActiveCfg = Debug|Win32
		{934D5A35-139A-4D5D-9168-7EEE513B1B5F}.Debug|x86.Build.0 = Debug|Win32
		{934D5A35-139A-4D5D-9168-7EEE513B1B5F}.Release|x64.ActiveCfg = Release|x64
		{934D5A35-139A-4D5D-9168-7EEE513B1B5F}.Release|x64.Build.0 = Release|x64
		{934D5A35-139A-4D5D-9168-7EEE513B1B5F}.Release|x86.ActiveCfg = Release|Win32
		{934D5A35-139A-4D5D-9168-7EEE513B1B5F}.Release|x86.Build.0 = Release|Win32
		{FC343815-D32C-4B3F-A8E2-0A868E9B1C21}.Debug|x64.ActiveCfg = Debug|x64
		{FC343815-D32C-4B3F-A8E2-0A868E9B1C21}.Debug|x64.Build.0 = Debug|x64
		{FC343815-D32C-4B3F-A8E2-0A868E9B1C21}.Debug|x86.ActiveCfg = Debug|Win32
		{FC343815-D32C-4B3F-A8E2-0A868E9B1C21}.Debug|x86.Build.0 = Debug|Win32
		{FC343815-D32C-4B3F-A8E2-0A868E9B1C21}.Release|x64.ActiveCfg = Release|x64
		{FC343815-D32C-4B3F-A8E2-0A868E9B1C21}.Release|x64.Build.0 = Release|x64
		{FC343815-D32C-4B3F-A8E2-0A868E9B1C21}.Release|x86.ActiveCfg = Release|Win32
		{FC343815-D32C-4B3F-A8E2-0A868E9B1C21}.Release|x86.Build.0 = Release|Win32
		{660EB6A5-4216-4286-BA99-E9717169A8AD}.Debug|x64.ActiveCfg = Debug|x64
		{660EB6A5-4216-4286-BA99-E9717169A8AD}.Debug|x64.Build.0 = Debug|x64
		{660EB6A5-4216-4286-BA99-E9717169A8AD}.Debug|x86.ActiveCfg = Debug|Win32
		{660EB6A5-4216-4286-BA99-E9717169A8AD}.Debug|x86.Build.0 = Debug|Win32
		{660EB6A5-4216-4286-BA99-E9717169A8AD}.Release|x64.ActiveCfg = Release|x64
		{660EB6A5-4216-4286-BA99-E9717169A8AD}.Release|x64.Build.0 = Release|x64
		{660EB6A5-4216-4286-BA99-E9717169A8AD}.Release|x86.ActiveCfg = Release|Win32
		{660EB6A5-4216-4286-BA99-E9717169A8AD}.Release|x86.Build.0 = Release|Win32
		{2991C90C-CDEF-4925-860E-912EE66D7363}.Debug|x64.ActiveCfg = Debug|x64
		{2991C90C-CDEF-4925-860E-912EE66D7363}.Debug|x64.Build.0 = Debug|x64
		{2991C90C-CDEF-4925-860E-912EE66D7363}.Debug|x86.ActiveCfg = Debug|Win32
		{2991C90C-CDEF-4925-860E-912EE66D7363}.Debug|x86.Build.0 = Debug|Win32
		{2991C90C-CDEF-4925-860E-912EE66D7363}.Release|x64.ActiveCfg = Release|x64
		{2991C90C-CDEF-4925-860E-912EE66D7363}.Release|x64.Build.0 = Release|x64
		{2991C90C-CDEF-4925-860E-912EE66D7363}.Release|x86.ActiveCfg = Release|Win32
		{2991C90C-CDEF-4925-860E-912EE66D7363}.Release|x86.Build.0 = Release|Win32
		{5A0E2B6A-6DDF-4B95-9F6B-C942DD2839DB}.Debug|x64.ActiveCfg = Debug|x64
		{5A0E2B6A-6DDF-4B95-9F6B-C942DD2839DB}.Debug|x64.Build.0 = Debug|x64
		{5A0E2B6A-6DDF-4B95-9F6B-C942DD2839DB}.Debug|x86.ActiveCfg = Debug|Win32
		{5A0E2B6A-6DDF-4B95-9F6B-C942DD2839DB}.Debug|x86.Build.0 = Debug|Win32
		{5A0E2B6A-6DDF-4B95-9F6B-C942DD2839DB}.Release|x64.ActiveCfg = Release|x64
		{5A0E2B6A-6DDF-4B95-9F6B-C942DD2839DB}.Release|x64.Build.0 = Release|x64
		{5A0E2B6A-6DDF-4B95-9F6B-C942DD2839DB}.Release|x86.ActiveCfg = Release|Win32
		{5A0E2B6A-6DDF-4B95-9F6B-C942DD2839DB}.Release|x86.Build.0 = Release|Win32
		{AAB20DDE-749A-43A0-8AC9-C2F5D9AD141F}.Debug|x64.ActiveCfg = Debug|x64
		{AAB20DDE-749A-43A0-8AC9-C2F5D9AD141F}.Debug|x64.Build.0 = Debug|x64
		{AAB20DDE-749A-43A0-8AC9-C2F5D9AD141F}.Debug|x86.ActiveCfg = Debug|Win32
		{AAB20DDE-749A-43A0-8AC9-C2F5D9AD141F}.Debug|x86.Build.0 = Debug|Win32
		{AAB20DDE-749A-43A0-8AC9-C2F5D9AD141F}.Release|x64.ActiveCfg = Release|x64
		{AAB20DDE-749A-43A0-8AC9-C2F5D9AD141F}.Release|x64.Build.0 = Release|x64
		{AAB20DDE-749A-43A0-8AC9-C2F5D9AD141F}.Release|x86.ActiveCfg = Release|Win32
		{AAB20DDE-749A-43A0-8AC9-C2F5D9AD141F}.Release|x86.Build.0 = Release|Win32
		{BCD1F3F6-A56C-443F-ADBA-732B41E71BA1}.Debug|x64.ActiveCfg = Debug|x64
		{BCD1F3F6-A56C-443F-ADBA-732B41E71BA1}.Debug|x64.Build.0 = Debug|x64
		{BCD1F3F6-A56C-443F-ADBA-732B41E71BA1}.Debug|x86.ActiveCfg = Debug|Win32
		{BCD1F3F6-A56C-443F-ADBA-732B41E71BA1}.Debug|x86.Build.0 = Debug|Win32
		{BCD1F3F6-A56C-443F-ADBA-732B41E71BA1}.Release|x64.ActiveCfg = Release|x64
		{BCD1F3F6-A56C-443F-ADBA-732B41E71BA1}.Release|x64.Build.0 = Release|x64
		{BCD1F3F6-A56C-443F-ADBA-732B41E71BA1}.Release|x86.ActiveCfg = Release|Win32
		{BCD1F3F6-A56C-443F-ADBA-732B41E71BA1}.Release|x86.Build.0 = Release|Win32
		{EE7A5118-0116-40FF-BBD5-E40C960DB012}.Debug|x64.ActiveCfg = Debug|x64
		{EE7A5118-0116-40FF-BBD5-E40C960DB012}.Debug|x64.Build.0 = Debug|x64
		{EE7A5118-0116-40FF-BBD5-E40C960DB012}.Debug|x86.ActiveCfg = Debug|Win32
		{EE7A5118-0116-40FF-BBD5-E40C960DB012}.Debug|x86.Build.0 = Debug|Win32
		{EE7A5118-0116-40FF-BBD5-E40C960DB012}.Release|x64.ActiveCfg = Release|x64
		{EE7A5118-0116-40FF-BBD5-E40C960DB012}.Release|x64.Build.0 = Release|x64
		{EE7A5118-0116-40FF-BBD5-E40C960DB012}.Release|x86.ActiveCfg = Release|Win32
		{EE7A5118-0116-40FF-BBD5-E40C960DB012}.Release|x86.Build.0 = Release|Win32
		{4BF291C8-FB5E-4240-ACA0-27A45A5D7009}.Debug|x64.ActiveCfg = Debug|x64
		{4BF291C8-FB5E-4240-ACA0-27A45A5D7009}.Debug|x64.Build.0 = Debug|x64
		{4BF291C8-FB5E-4240-ACA0-27A45A5D7009}.Debug|x86.ActiveCfg = Debug|Win32
		{4BF291C8-FB5E-4240-ACA0-27A45A5D7009}.Debug|x86.Build.0 = Debug|Win32
		{4BF291C8-FB5E-4240-ACA0-27A45A5D7009}.Release|x64.ActiveCfg = Release|x64
		{4BF291C8-FB5E-4240-ACA0-27A45A5D7009}.Release|x64.Build.0 = Release|x64
		{4BF291C8-FB5E-4240-ACA0-27A45A5D7009}.Release|x86.ActiveCfg = Release|Win32
		{4BF291C8-FB5E-4240-ACA0-27A45A5D7009}.Release|x86.Build.0 = Release|Win32
		{B68430DE-AE7B-4DCE-B10C-3E6C00365D81}.Debug|x64.ActiveCfg = Debug|x64
		{B68430DE-AE7B-4DCE-B10C-3E6C00365D81}.Debug|x64.Build.0 = Debug|x64
		{B68430DE-AE7B-4DCE-B10C-3E6C00365D81}.Debug|x86.ActiveCfg = Debug|Win32
		{B68430DE-AE7B-4DCE-B10C-3E6C00365D81}.Debug|x86.Build.0 = Debug|Win32
		{B68430DE-AE7B-4DCE-B10C-3E6C00365D81}.Release|x64.ActiveCfg = Release|x64
		{B68430DE-AE7B-4DCE-B10C-3E6C00365D81}.Release|x64.Build.0 = Release|x64
		{B68430DE-AE7B-4DCE-B10C-3E6C00365D81}.Release|x86.ActiveCfg = Release|Win32
		{B68430DE-AE7B-4DCE-B10C-3E6C00365D81}.Release|x86.Build.0 = Release|Win32
	EndGlobalSection
	GlobalSection(SolutionProperties) = preSolution
		HideSolutionNode = FALSE
	EndGlobalSection
	GlobalSection(ExtensibilityGlobals) = postSolution
		SolutionGuid = {FA295EFB-9116-49CD-BD55-812B84E00C82}
	EndGlobalSection
EndGlobal
